
Microsoft Visual Studio Solution File, Format Version 12.00
# Visual Studio Version 17
VisualStudioVersion = 17.14.36212.18
MinimumVisualStudioVersion = 10.0.40219.1
Project("{FAE04EC0-301F-11D3-BF4B-00C04F79EFBC}") = "SistemaInventario", "Sistema_Inventario\SistemaInventario.csproj", "{DA49C4C8-035B-4699-BDDB-2A3FBA6E9061}"
EndProject
Project("{FAE04EC0-301F-11D3-BF4B-00C04F79EFBC}") = "SistemaInventario.AccesoDatos", "SistemaInventario.AccesoDatos\SistemaInventario.AccesoDatos.csproj", "{2FF13306-BF67-46D5-9505-4B994CBBD5EC}"
EndProject
Project("{FAE04EC0-301F-11D3-BF4B-00C04F79EFBC}") = "SistemaInventario.Modelos", "SistemaInventario.Modelos\SistemaInventario.Modelos.csproj", "{A190D7F6-93EC-4BDF-BE31-511F70D94D3A}"
EndProject
Project("{FAE04EC0-301F-11D3-BF4B-00C04F79EFBC}") = "SistemaInventario.Utilidades", "SsitemaInventario.Utilidades\SistemaInventario.Utilidades.csproj", "{CD68EB05-28A2-493C-BBF4-FEEFA90F2664}"
EndProject
Global
	GlobalSection(SolutionConfigurationPlatforms) = preSolution
		Debug|Any CPU = Debug|Any CPU
		Release|Any CPU = Release|Any CPU
	EndGlobalSection
	GlobalSection(ProjectConfigurationPlatforms) = postSolution
		{DA49C4C8-035B-4699-BDDB-2A3FBA6E9061}.Debug|Any CPU.ActiveCfg = Debug|Any CPU
		{DA49C4C8-035B-4699-BDDB-2A3FBA6E9061}.Debug|Any CPU.Build.0 = Debug|Any CPU
		{DA49C4C8-035B-4699-BDDB-2A3FBA6E9061}.Release|Any CPU.ActiveCfg = Release|Any CPU
		{DA49C4C8-035B-4699-BDDB-2A3FBA6E9061}.Release|Any CPU.Build.0 = Release|Any CPU
		{2FF13306-BF67-46D5-9505-4B994CBBD5EC}.Debug|Any CPU.ActiveCfg = Debug|Any CPU
		{2FF13306-BF67-46D5-9505-4B994CBBD5EC}.Debug|Any CPU.Build.0 = Debug|Any CPU
		{2FF13306-BF67-46D5-9505-4B994CBBD5EC}.Release|Any CPU.ActiveCfg = Release|Any CPU
		{2FF13306-BF67-46D5-9505-4B994CBBD5EC}.Release|Any CPU.Build.0 = Release|Any CPU
		{A190D7F6-93EC-4BDF-BE31-511F70D94D3A}.Debug|Any CPU.ActiveCfg = Debug|Any CPU
		{A190D7F6-93EC-4BDF-BE31-511F70D94D3A}.Debug|Any CPU.Build.0 = Debug|Any CPU
		{A190D7F6-93EC-4BDF-BE31-511F70D94D3A}.Release|Any CPU.ActiveCfg = Release|Any CPU
		{A190D7F6-93EC-4BDF-BE31-511F70D94D3A}.Release|Any CPU.Build.0 = Release|Any CPU
		{CD68EB05-28A2-493C-BBF4-FEEFA90F2664}.Debug|Any CPU.ActiveCfg = Debug|Any CPU
		{CD68EB05-28A2-493C-BBF4-FEEFA90F2664}.Debug|Any CPU.Build.0 = Debug|Any CPU
		{CD68EB05-28A2-493C-BBF4-FEEFA90F2664}.Release|Any CPU.ActiveCfg = Release|Any CPU
		{CD68EB05-28A2-493C-BBF4-FEEFA90F2664}.Release|Any CPU.Build.0 = Release|Any CPU
	EndGlobalSection
	GlobalSection(SolutionProperties) = preSolution
		HideSolutionNode = FALSE
	EndGlobalSection
	GlobalSection(ExtensibilityGlobals) = postSolution
		SolutionGuid = {8C94804D-D794-4C66-ACCA-04D20E298E07}
	EndGlobalSection
EndGlobal
